PODS:
  - download (0.0.2)

DEPENDENCIES:
  - download (from `./TestPod/LocalLib/download/`)

EXTERNAL SOURCES:
  download:
    :path: "./TestPod/LocalLib/download/"

SPEC CHECKSUMS:
  download: 5828dee0b3730a2eec313e0cc93ff0d83e90e979

PODFILE CHECKSUM: 290bc3ee01073f90523088d53eeba2f9ced6bec3

COCOAPODS: 1.6.1
